
Microsoft Visual Studio Solution File, Format Version 12.00
# Visual Studio Version 16
VisualStudioVersion = 16.0.31515.178
MinimumVisualStudioVersion = 10.0.40219.1
Project("{8BC9CEB8-8B4A-11D0-8D11-00A0C91BC942}") = "vectors", "vector_example\vector_example.vcxproj", "{56B8D333-D030-4CD8-881C-69EA027005CE}"
EndProject
Project("{8BC9CEB8-8B4A-11D0-8D11-00A0C91BC942}") = "address_of_operator_and_pointers", "address_of_operator_and_pointers\address_of_operator_and_pointers.vcxproj", "{849D6702-95EA-4A95-ACBB-5810C7B7CEF1}"
EndProject
Project("{8BC9CEB8-8B4A-11D0-8D11-00A0C91BC942}") = "arrays_pointers_references", "arrays_pointers_references\arrays_pointers_references.vcxproj", "{6A8AB510-D796-4AB0-9E9E-967C4A182DDA}"
EndProject
Project("{8BC9CEB8-8B4A-11D0-8D11-00A0C91BC942}") = "structs", "structs\structs.vcxproj", "{C01051BC-B508-45A8-B4BA-B45EDF89489F}"
EndProject
Project("{8BC9CEB8-8B4A-11D0-8D11-00A0C91BC942}") = "pointer_example_1", "pointer_example_1\pointer_example_1.vcxproj", "{B7CE5AF9-8E79-46FC-B803-EA1A01F8B5A1}"
EndProject
Global
	GlobalSection(SolutionConfigurationPlatforms) = preSolution
		Debug|x64 = Debug|x64
		Debug|x86 = Debug|x86
		Release|x64 = Release|x64
		Release|x86 = Release|x86
	EndGlobalSection
	GlobalSection(ProjectConfigurationPlatforms) = postSolution
		{56B8D333-D030-4CD8-881C-69EA027005CE}.Debug|x64.ActiveCfg = Debug|x64
		{56B8D333-D030-4CD8-881C-69EA027005CE}.Debug|x64.Build.0 = Debug|x64
		{56B8D333-D030-4CD8-881C-69EA027005CE}.Debug|x86.ActiveCfg = Debug|Win32
		{56B8D333-D030-4CD8-881C-69EA027005CE}.Debug|x86.Build.0 = Debug|Win32
		{56B8D333-D030-4CD8-881C-69EA027005CE}.Release|x64.ActiveCfg = Release|x64
		{56B8D333-D030-4CD8-881C-69EA027005CE}.Release|x64.Build.0 = Release|x64
		{56B8D333-D030-4CD8-881C-69EA027005CE}.Release|x86.ActiveCfg = Release|Win32
		{56B8D333-D030-4CD8-881C-69EA027005CE}.Release|x86.Build.0 = Release|Win32
		{849D6702-95EA-4A95-ACBB-5810C7B7CEF1}.Debug|x64.ActiveCfg = Debug|x64
		{849D6702-95EA-4A95-ACBB-5810C7B7CEF1}.Debug|x64.Build.0 = Debug|x64
		{849D6702-95EA-4A95-ACBB-5810C7B7CEF1}.Debug|x86.ActiveCfg = Debug|Win32
		{849D6702-95EA-4A95-ACBB-5810C7B7CEF1}.Debug|x86.Build.0 = Debug|Win32
		{849D6702-95EA-4A95-ACBB-5810C7B7CEF1}.Release|x64.ActiveCfg = Release|x64
		{849D6702-95EA-4A95-ACBB-5810C7B7CEF1}.Release|x64.Build.0 = Release|x64
		{849D6702-95EA-4A95-ACBB-5810C7B7CEF1}.Release|x86.ActiveCfg = Release|Win32
		{849D6702-95EA-4A95-ACBB-5810C7B7CEF1}.Release|x86.Build.0 = Release|Win32
		{6A8AB510-D796-4AB0-9E9E-967C4A182DDA}.Debug|x64.ActiveCfg = Debug|x64
		{6A8AB510-D796-4AB0-9E9E-967C4A182DDA}.Debug|x64.Build.0 = Debug|x64
		{6A8AB510-D796-4AB0-9E9E-967C4A182DDA}.Debug|x86.ActiveCfg = Debug|Win32
		{6A8AB510-D796-4AB0-9E9E-967C4A182DDA}.Debug|x86.Build.0 = Debug|Win32
		{6A8AB510-D796-4AB0-9E9E-967C4A182DDA}.Release|x64.ActiveCfg = Release|x64
		{6A8AB510-D796-4AB0-9E9E-967C4A182DDA}.Release|x64.Build.0 = Release|x64
		{6A8AB510-D796-4AB0-9E9E-967C4A182DDA}.Release|x86.ActiveCfg = Release|Win32
		{6A8AB510-D796-4AB0-9E9E-967C4A182DDA}.Release|x86.Build.0 = Release|Win32
		{C01051BC-B508-45A8-B4BA-B45EDF89489F}.Debug|x64.ActiveCfg = Debug|x64
		{C01051BC-B508-45A8-B4BA-B45EDF89489F}.Debug|x64.Build.0 = Debug|x64
		{C01051BC-B508-45A8-B4BA-B45EDF89489F}.Debug|x86.ActiveCfg = Debug|Win32
		{C01051BC-B508-45A8-B4BA-B45EDF89489F}.Debug|x86.Build.0 = Debug|Win32
		{C01051BC-B508-45A8-B4BA-B45EDF89489F}.Release|x64.ActiveCfg = Release|x64
		{C01051BC-B508-45A8-B4BA-B45EDF89489F}.Release|x64.Build.0 = Release|x64
		{C01051BC-B508-45A8-B4BA-B45EDF89489F}.Release|x86.ActiveCfg = Release|Win32
		{C01051BC-B508-45A8-B4BA-B45EDF89489F}.Release|x86.Build.0 = Release|Win32
		{B7CE5AF9-8E79-46FC-B803-EA1A01F8B5A1}.Debug|x64.ActiveCfg = Debug|x64
		{B7CE5AF9-8E79-46FC-B803-EA1A01F8B5A1}.Debug|x64.Build.0 = Debug|x64
		{B7CE5AF9-8E79-46FC-B803-EA1A01F8B5A1}.Debug|x86.ActiveCfg = Debug|Win32
		{B7CE5AF9-8E79-46FC-B803-EA1A01F8B5A1}.Debug|x86.Build.0 = Debug|Win32
		{B7CE5AF9-8E79-46FC-B803-EA1A01F8B5A1}.Release|x64.ActiveCfg = Release|x64
		{B7CE5AF9-8E79-46FC-B803-EA1A01F8B5A1}.Release|x64.Build.0 = Release|x64
		{B7CE5AF9-8E79-46FC-B803-EA1A01F8B5A1}.Release|x86.ActiveCfg = Release|Win32
		{B7CE5AF9-8E79-46FC-B803-EA1A01F8B5A1}.Release|x86.Build.0 = Release|Win32
	EndGlobalSection
	GlobalSection(SolutionProperties) = preSolution
		HideSolutionNode = FALSE
	EndGlobalSection
	GlobalSection(ExtensibilityGlobals) = postSolution
		SolutionGuid = {0BFE2EE2-6EA7-4779-A606-CCBD3D310D97}
	EndGlobalSection
EndGlobal
